
Microsoft Visual Studio Solution File, Format Version 12.00
# Visual Studio Version 17
VisualStudioVersion = 17.14.36623.8 d17.14
MinimumVisualStudioVersion = 10.0.40219.1
Project("{FAE04EC0-301F-11D3-BF4B-00C04F79EFBC}") = "AufgabeZ18", "AufgabeZ18\AufgabeZ18.csproj", "{9E0EC750-9B66-4196-8962-FA0570CA6488}"
EndProject
Global
	GlobalSection(SolutionConfigurationPlatforms) = preSolution
		Debug|Any CPU = Debug|Any CPU
		Release|Any CPU = Release|Any CPU
	EndGlobalSection
	GlobalSection(ProjectConfigurationPlatforms) = postSolution
		{9E0EC750-9B66-4196-8962-FA0570CA6488}.Debug|Any CPU.ActiveCfg = Debug|Any CPU
		{9E0EC750-9B66-4196-8962-FA0570CA6488}.Debug|Any CPU.Build.0 = Debug|Any CPU
		{9E0EC750-9B66-4196-8962-FA0570CA6488}.Release|Any CPU.ActiveCfg = Release|Any CPU
		{9E0EC750-9B66-4196-8962-FA0570CA6488}.Release|Any CPU.Build.0 = Release|Any CPU
	EndGlobalSection
	GlobalSection(SolutionProperties) = preSolution
		HideSolutionNode = FALSE
	EndGlobalSection
	GlobalSection(ExtensibilityGlobals) = postSolution
		SolutionGuid = {16D8944C-D801-4064-BC35-8354BFE19055}
	EndGlobalSection
EndGlobal
