
Microsoft Visual Studio Solution File, Format Version 12.00
# Visual Studio Version 17
VisualStudioVersion = 17.14.36414.22 d17.14
MinimumVisualStudioVersion = 10.0.40219.1
Project("{FAE04EC0-301F-11D3-BF4B-00C04F79EFBC}") = "aufgabe2", "aufgabe2.csproj", "{239282CA-1116-4905-914E-997CF939EE91}"
EndProject
Global
	GlobalSection(SolutionConfigurationPlatforms) = preSolution
		Debug|Any CPU = Debug|Any CPU
		Release|Any CPU = Release|Any CPU
	EndGlobalSection
	GlobalSection(ProjectConfigurationPlatforms) = postSolution
		{239282CA-1116-4905-914E-997CF939EE91}.Debug|Any CPU.ActiveCfg = Debug|Any CPU
		{239282CA-1116-4905-914E-997CF939EE91}.Debug|Any CPU.Build.0 = Debug|Any CPU
		{239282CA-1116-4905-914E-997CF939EE91}.Release|Any CPU.ActiveCfg = Release|Any CPU
		{239282CA-1116-4905-914E-997CF939EE91}.Release|Any CPU.Build.0 = Release|Any CPU
	EndGlobalSection
	GlobalSection(SolutionProperties) = preSolution
		HideSolutionNode = FALSE
	EndGlobalSection
	GlobalSection(ExtensibilityGlobals) = postSolution
		SolutionGuid = {063DF76B-10EE-484B-A795-CD00D3DE0F6F}
	EndGlobalSection
EndGlobal
