
Microsoft Visual Studio Solution File, Format Version 12.00
# Visual Studio Version 17
VisualStudioVersion = 17.14.36717.8 d17.14
MinimumVisualStudioVersion = 10.0.40219.1
Project("{FAE04EC0-301F-11D3-BF4B-00C04F79EFBC}") = "aufgabeZ26", "aufgabeZ26.csproj", "{70018092-0F57-48B3-93A5-DE3849DFFF62}"
EndProject
Global
	GlobalSection(SolutionConfigurationPlatforms) = preSolution
		Debug|Any CPU = Debug|Any CPU
		Release|Any CPU = Release|Any CPU
	EndGlobalSection
	GlobalSection(ProjectConfigurationPlatforms) = postSolution
		{70018092-0F57-48B3-93A5-DE3849DFFF62}.Debug|Any CPU.ActiveCfg = Debug|Any CPU
		{70018092-0F57-48B3-93A5-DE3849DFFF62}.Debug|Any CPU.Build.0 = Debug|Any CPU
		{70018092-0F57-48B3-93A5-DE3849DFFF62}.Release|Any CPU.ActiveCfg = Release|Any CPU
		{70018092-0F57-48B3-93A5-DE3849DFFF62}.Release|Any CPU.Build.0 = Release|Any CPU
	EndGlobalSection
	GlobalSection(SolutionProperties) = preSolution
		HideSolutionNode = FALSE
	EndGlobalSection
	GlobalSection(ExtensibilityGlobals) = postSolution
		SolutionGuid = {6F2ACAC9-EAEE-4A13-A1E2-F9DB5698D302}
	EndGlobalSection
EndGlobal
