
Microsoft Visual Studio Solution File, Format Version 12.00
# Visual Studio Version 17
VisualStudioVersion = 17.14.36511.14 d17.14
MinimumVisualStudioVersion = 10.0.40219.1
Project("{FAE04EC0-301F-11D3-BF4B-00C04F79EFBC}") = "aufgabeZ11", "aufgabeZ11.csproj", "{FAEDB77E-2592-48D7-8772-316657FB838E}"
EndProject
Global
	GlobalSection(SolutionConfigurationPlatforms) = preSolution
		Debug|Any CPU = Debug|Any CPU
		Release|Any CPU = Release|Any CPU
	EndGlobalSection
	GlobalSection(ProjectConfigurationPlatforms) = postSolution
		{FAEDB77E-2592-48D7-8772-316657FB838E}.Debug|Any CPU.ActiveCfg = Debug|Any CPU
		{FAEDB77E-2592-48D7-8772-316657FB838E}.Debug|Any CPU.Build.0 = Debug|Any CPU
		{FAEDB77E-2592-48D7-8772-316657FB838E}.Release|Any CPU.ActiveCfg = Release|Any CPU
		{FAEDB77E-2592-48D7-8772-316657FB838E}.Release|Any CPU.Build.0 = Release|Any CPU
	EndGlobalSection
	GlobalSection(SolutionProperties) = preSolution
		HideSolutionNode = FALSE
	EndGlobalSection
	GlobalSection(ExtensibilityGlobals) = postSolution
		SolutionGuid = {502C64B9-2FD0-4EF9-836B-94BF8D4E7BE1}
	EndGlobalSection
EndGlobal
