
Microsoft Visual Studio Solution File, Format Version 12.00
# Visual Studio Version 17
VisualStudioVersion = 17.14.36414.22 d17.14
MinimumVisualStudioVersion = 10.0.40219.1
Project("{FAE04EC0-301F-11D3-BF4B-00C04F79EFBC}") = "aufgabe6", "aufgabe6.csproj", "{F67EECE2-7C17-4BA1-A549-28CB79595D79}"
EndProject
Global
	GlobalSection(SolutionConfigurationPlatforms) = preSolution
		Debug|Any CPU = Debug|Any CPU
		Release|Any CPU = Release|Any CPU
	EndGlobalSection
	GlobalSection(ProjectConfigurationPlatforms) = postSolution
		{F67EECE2-7C17-4BA1-A549-28CB79595D79}.Debug|Any CPU.ActiveCfg = Debug|Any CPU
		{F67EECE2-7C17-4BA1-A549-28CB79595D79}.Debug|Any CPU.Build.0 = Debug|Any CPU
		{F67EECE2-7C17-4BA1-A549-28CB79595D79}.Release|Any CPU.ActiveCfg = Release|Any CPU
		{F67EECE2-7C17-4BA1-A549-28CB79595D79}.Release|Any CPU.Build.0 = Release|Any CPU
	EndGlobalSection
	GlobalSection(SolutionProperties) = preSolution
		HideSolutionNode = FALSE
	EndGlobalSection
	GlobalSection(ExtensibilityGlobals) = postSolution
		SolutionGuid = {B2875446-E907-4551-B066-E2A048DF90A2}
	EndGlobalSection
EndGlobal
