
Microsoft Visual Studio Solution File, Format Version 12.00
# Visual Studio Version 17
VisualStudioVersion = 17.14.36414.22 d17.14
MinimumVisualStudioVersion = 10.0.40219.1
Project("{FAE04EC0-301F-11D3-BF4B-00C04F79EFBC}") = "SamuelAufgabe1", "SamuelAufgabe1.csproj", "{B61B8BEE-9A8D-4A5C-9858-84CD9643754A}"
EndProject
Global
	GlobalSection(SolutionConfigurationPlatforms) = preSolution
		Debug|Any CPU = Debug|Any CPU
		Release|Any CPU = Release|Any CPU
	EndGlobalSection
	GlobalSection(ProjectConfigurationPlatforms) = postSolution
		{B61B8BEE-9A8D-4A5C-9858-84CD9643754A}.Debug|Any CPU.ActiveCfg = Debug|Any CPU
		{B61B8BEE-9A8D-4A5C-9858-84CD9643754A}.Debug|Any CPU.Build.0 = Debug|Any CPU
		{B61B8BEE-9A8D-4A5C-9858-84CD9643754A}.Release|Any CPU.ActiveCfg = Release|Any CPU
		{B61B8BEE-9A8D-4A5C-9858-84CD9643754A}.Release|Any CPU.Build.0 = Release|Any CPU
	EndGlobalSection
	GlobalSection(SolutionProperties) = preSolution
		HideSolutionNode = FALSE
	EndGlobalSection
	GlobalSection(ExtensibilityGlobals) = postSolution
		SolutionGuid = {6E9A263D-0A98-4275-9CE9-6C6385E0C828}
	EndGlobalSection
EndGlobal
